Microsoft Visual Studio Solution File, Format Version 12.00
# Visual Studio Version 17
VisualStudioVersion = 17.5.2.0
MinimumVisualStudioVersion = 10.0.40219.1
Project("{FAE04EC0-301F-11D3-BF4B-00C04F79EFBC}") = "Session4", "Session4.csproj", "{770B60FC-1C01-CE91-70F1-0C01CD751CAF}"
EndProject
Global
	GlobalSection(SolutionConfigurationPlatforms) = preSolution
		Debug|Any CPU = Debug|Any CPU
		Release|Any CPU = Release|Any CPU
	EndGlobalSection
	GlobalSection(ProjectConfigurationPlatforms) = postSolution
		{770B60FC-1C01-CE91-70F1-0C01CD751CAF}.Debug|Any CPU.ActiveCfg = Debug|Any CPU
		{770B60FC-1C01-CE91-70F1-0C01CD751CAF}.Debug|Any CPU.Build.0 = Debug|Any CPU
		{770B60FC-1C01-CE91-70F1-0C01CD751CAF}.Release|Any CPU.ActiveCfg = Release|Any CPU
		{770B60FC-1C01-CE91-70F1-0C01CD751CAF}.Release|Any CPU.Build.0 = Release|Any CPU
	EndGlobalSection
	GlobalSection(SolutionProperties) = preSolution
		HideSolutionNode = FALSE
	EndGlobalSection
	GlobalSection(ExtensibilityGlobals) = postSolution
		SolutionGuid = {F7968ADE-8DAD-4069-9411-8BAD1B650B40}
	EndGlobalSection
EndGlobal
